
Microsoft Visual Studio Solution File, Format Version 12.00
# Visual Studio 15
VisualStudioVersion = 15.0.27703.2000
MinimumVisualStudioVersion = 10.0.40219.1
Project("{FAE04EC0-301F-11D3-BF4B-00C04F79EFBC}") = "labSheet10ConorKoritor", "labSheet10ConorKoritor\labSheet10ConorKoritor.csproj", "{625FEA87-6CF0-4D42-916B-2D0F1A9C4227}"
EndProject
Global
	GlobalSection(SolutionConfigurationPlatforms) = preSolution
		Debug|Any CPU = Debug|Any CPU
		Release|Any CPU = Release|Any CPU
	EndGlobalSection
	GlobalSection(ProjectConfigurationPlatforms) = postSolution
		{625FEA87-6CF0-4D42-916B-2D0F1A9C4227}.Debug|Any CPU.ActiveCfg = Debug|Any CPU
		{625FEA87-6CF0-4D42-916B-2D0F1A9C4227}.Debug|Any CPU.Build.0 = Debug|Any CPU
		{625FEA87-6CF0-4D42-916B-2D0F1A9C4227}.Release|Any CPU.ActiveCfg = Release|Any CPU
		{625FEA87-6CF0-4D42-916B-2D0F1A9C4227}.Release|Any CPU.Build.0 = Release|Any CPU
	EndGlobalSection
	GlobalSection(SolutionProperties) = preSolution
		HideSolutionNode = FALSE
	EndGlobalSection
	GlobalSection(ExtensibilityGlobals) = postSolution
		SolutionGuid = {5DB561F6-4E30-41F5-90B8-6879C8F777A8}
	EndGlobalSection
EndGlobal
